
Microsoft Visual Studio Solution File, Format Version 12.00
# Visual Studio Version 16
VisualStudioVersion = 16.0.29215.179
MinimumVisualStudioVersion = 10.0.40219.1
Project("{FAE04EC0-301F-11D3-BF4B-00C04F79EFBC}") = "Lambda", "Lambda.csproj", "{FE8B1651-5D00-42D4-9C45-B07B2800D16B}"
EndProject
Global
	GlobalSection(SolutionConfigurationPlatforms) = preSolution
		Debug|Any CPU = Debug|Any CPU
		Release|Any CPU = Release|Any CPU
	EndGlobalSection
	GlobalSection(ProjectConfigurationPlatforms) = postSolution
		{FE8B1651-5D00-42D4-9C45-B07B2800D16B}.Debug|Any CPU.ActiveCfg = Debug|Any CPU
		{FE8B1651-5D00-42D4-9C45-B07B2800D16B}.Debug|Any CPU.Build.0 = Debug|Any CPU
		{FE8B1651-5D00-42D4-9C45-B07B2800D16B}.Release|Any CPU.ActiveCfg = Release|Any CPU
		{FE8B1651-5D00-42D4-9C45-B07B2800D16B}.Release|Any CPU.Build.0 = Release|Any CPU
	EndGlobalSection
	GlobalSection(SolutionProperties) = preSolution
		HideSolutionNode = FALSE
	EndGlobalSection
	GlobalSection(ExtensibilityGlobals) = postSolution
		SolutionGuid = {FC62DE4A-DF33-41FF-89B2-F3611C95C3F1}
	EndGlobalSection
EndGlobal
